
Microsoft Visual Studio Solution File, Format Version 12.00
# Visual Studio 15
VisualStudioVersion = 15.0.27428.2015
MinimumVisualStudioVersion = 10.0.40219.1
Project("{FAE04EC0-301F-11D3-BF4B-00C04F79EFBC}") = "webapp2", "webapp2\webapp2.csproj", "{40FCFDBF-581C-4854-92B8-3290F0431F3C}"
EndProject
Global
	GlobalSection(SolutionConfigurationPlatforms) = preSolution
		Debug|Any CPU = Debug|Any CPU
		Release|Any CPU = Release|Any CPU
	EndGlobalSection
	GlobalSection(ProjectConfigurationPlatforms) = postSolution
		{40FCFDBF-581C-4854-92B8-3290F0431F3C}.Debug|Any CPU.ActiveCfg = Debug|Any CPU
		{40FCFDBF-581C-4854-92B8-3290F0431F3C}.Debug|Any CPU.Build.0 = Debug|Any CPU
		{40FCFDBF-581C-4854-92B8-3290F0431F3C}.Release|Any CPU.ActiveCfg = Release|Any CPU
		{40FCFDBF-581C-4854-92B8-3290F0431F3C}.Release|Any CPU.Build.0 = Release|Any CPU
	EndGlobalSection
	GlobalSection(SolutionProperties) = preSolution
		HideSolutionNode = FALSE
	EndGlobalSection
	GlobalSection(ExtensibilityGlobals) = postSolution
		SolutionGuid = {7EC97F9E-92C7-4CD9-B7F7-61564059680E}
	EndGlobalSection
EndGlobal
